
Microsoft Visual Studio Solution File, Format Version 12.00
# Visual Studio Version 16
VisualStudioVersion = 16.0.31229.75
MinimumVisualStudioVersion = 10.0.40219.1
Project("{FAE04EC0-301F-11D3-BF4B-00C04F79EFBC}") = "exerciseFunktioner", "exerciseFunktioner\exerciseFunktioner.csproj", "{560D5863-E2F9-4E96-B956-5EC0A3058B1B}"
EndProject
Global
	GlobalSection(SolutionConfigurationPlatforms) = preSolution
		Debug|Any CPU = Debug|Any CPU
		Release|Any CPU = Release|Any CPU
	EndGlobalSection
	GlobalSection(ProjectConfigurationPlatforms) = postSolution
		{560D5863-E2F9-4E96-B956-5EC0A3058B1B}.Debug|Any CPU.ActiveCfg = Debug|Any CPU
		{560D5863-E2F9-4E96-B956-5EC0A3058B1B}.Debug|Any CPU.Build.0 = Debug|Any CPU
		{560D5863-E2F9-4E96-B956-5EC0A3058B1B}.Release|Any CPU.ActiveCfg = Release|Any CPU
		{560D5863-E2F9-4E96-B956-5EC0A3058B1B}.Release|Any CPU.Build.0 = Release|Any CPU
	EndGlobalSection
	GlobalSection(SolutionProperties) = preSolution
		HideSolutionNode = FALSE
	EndGlobalSection
	GlobalSection(ExtensibilityGlobals) = postSolution
		SolutionGuid = {F85C49C2-BE15-4BB5-9882-1C83B9E40681}
	EndGlobalSection
EndGlobal
